// !$*UTF8*$!
{
	archiveVersion = 1;
	classes = {
	};
	objectVersion = 55;
	objects = {

/* Begin PBXBuildFile section */
		79E1BB0A289A171400F4DFC1 /* AppDelegate.swift in Sources */ = {isa = PBXBuildFile; fileRef = 79E1BB09289A171400F4DFC1 /* AppDelegate.swift */; };
		79E1BB0C289A171400F4DFC1 /* SceneDelegate.swift in Sources */ = {isa = PBXBuildFile; fileRef = 79E1BB0B289A171400F4DFC1 /* SceneDelegate.swift */; };
		79E1BB0E289A171400F4DFC1 /* ViewController.swift in Sources */ = {isa = PBXBuildFile; fileRef = 79E1BB0D289A171400F4DFC1 /* ViewController.swift */; };
		79E1BB11289A171400F4DFC1 /* Main.storyboard in Resources */ = {isa = PBXBuildFile; fileRef = 79E1BB0F289A171400F4DFC1 /* Main.storyboard */; };
		79E1BB13289A171800F4DFC1 /* Assets.xcassets in Resources */ = {isa = PBXBuildFile; fileRef = 79E1BB12289A171800F4DFC1 /* Assets.xcassets */; };
		79E1BB16289A171800F4DFC1 /* LaunchScreen.storyboard in Resources */ = {isa = PBXBuildFile; fileRef = 79E1BB14289A171800F4DFC1 /* LaunchScreen.storyboard */; };
		79E1BB21289A171800F4DFC1 /* CodePath_PreworkTests.swift in Sources */ = {isa = PBXBuildFile; fileRef = 79E1BB20289A171800F4DFC1 /* CodePath_PreworkTests.swift */; };
		79E1BB2B289A171800F4DFC1 /* CodePath_PreworkUITests.swift in Sources */ = {isa = PBXBuildFile; fileRef = 79E1BB2A289A171800F4DFC1 /* CodePath_PreworkUITests.swift */; };
		79E1BB2D289A171800F4DFC1 /* CodePath_PreworkUITestsLaunchTests.swift in Sources */ = {isa = PBXBuildFile; fileRef = 79E1BB2C289A171800F4DFC1 /* CodePath_PreworkUITestsLaunchTests.swift */; };
/* End PBXBuildFile section */

/* Begin PBXContainerItemProxy section */
		79E1BB1D289A171800F4DFC1 /* PBXContainerItemProxy */ = {
			isa = PBXContainerItemProxy;
			containerPortal = 79E1BAFE289A171300F4DFC1 /* Project object */;
			proxyType = 1;
			remoteGlobalIDString = 79E1BB05289A171400F4DFC1;
			remoteInfo = CodePath_Prework;
		};
		79E1BB27289A171800F4DFC1 /* PBXContainerItemProxy */ = {
			isa = PBXContainerItemProxy;
			containerPortal = 79E1BAFE289A171300F4DFC1 /* Project object */;
			proxyType = 1;
			remoteGlobalIDString = 79E1BB05289A171400F4DFC1;
			remoteInfo = CodePath_Prework;
		};
/* End PBXContainerItemProxy section */

/* Begin PBXFileReference section */
		79E1BB06289A171400F4DFC1 /* CodePath_Prework.app */ = {isa = PBXFileReference; explicitFileType = wrapper.application; includeInIndex = 0; path = CodePath_Prework.app; sourceTree = BUILT_PRODUCTS_DIR; };
		79E1BB09289A171400F4DFC1 /* AppDelegate.swift */ = {isa = PBXFileReference; lastKnownFileType = sourcecode.swift; path = AppDelegate.swift; sourceTree = "<group>"; };
		79E1BB0B289A171400F4DFC1 /* SceneDelegate.swift */ = {isa = PBXFileReference; lastKnownFileType = sourcecode.swift; path = SceneDelegate.swift; sourceTree = "<group>"; };
		79E1BB0D289A171400F4DFC1 /* ViewController.swift */ = {isa = PBXFileReference; lastKnownFileType = sourcecode.swift; path = ViewController.swift; sourceTree = "<group>"; };
		79E1BB10289A171400F4DFC1 /* Base */ = {isa = PBXFileReference; lastKnownFileType = file.storyboard; name = Base; path = Base.lproj/Main.storyboard; sourceTree = "<group>"; };
		79E1BB12289A171800F4DFC1 /* Assets.xcassets */ = {isa = PBXFileReference; lastKnownFileType = folder.assetcatalog; path = Assets.xcassets; sourceTree = "<group>"; };
		79E1BB15289A171800F4DFC1 /* Base */ = {isa = PBXFileReference; lastKnownFileType = file.storyboard; name = Base; path = Base.lproj/LaunchScreen.storyboard; sourceTree = "<group>"; };
		79E1BB17289A171800F4DFC1 /* Info.plist */ = {isa = PBXFileReference; lastKnownFileType = text.plist.xml; path = Info.plist; sourceTree = "<group>"; };
		79E1BB1C289A171800F4DFC1 /* CodePath_PreworkTests.xctest */ = {isa = PBXFileReference; explicitFileType = wrapper.cfbundle; includeInIndex = 0; path = CodePath_PreworkTests.xctest; sourceTree = BUILT_PRODUCTS_DIR; };
		79E1BB20289A171800F4DFC1 /* CodePath_PreworkTests.swift */ = {isa = PBXFileReference; lastKnownFileType = sourcecode.swift; path = CodePath_PreworkTests.swift; sourceTree = "<group>"; };
		79E1BB26289A171800F4DFC1 /* CodePath_PreworkUITests.xctest */ = {isa = PBXFileReference; explicitFileType = wrapper.cfbundle; includeInIndex = 0; path = CodePath_PreworkUITests.xctest; sourceTree = BUILT_PRODUCTS_DIR; };
		79E1BB2A289A171800F4DFC1 /* CodePath_PreworkUITests.swift */ = {isa = PBXFileReference; lastKnownFileType = sourcecode.swift; path = CodePath_PreworkUITests.swift; sourceTree = "<group>"; };
		79E1BB2C289A171800F4DFC1 /* CodePath_PreworkUITestsLaunchTests.swift */ = {isa = PBXFileReference; lastKnownFileType = sourcecode.swift; path = CodePath_PreworkUITestsLaunchTests.swift; sourceTree = "<group>"; };
/* End PBXFileReference section */

/* Begin PBXFrameworksBuildPhase section */
		79E1BB03289A171400F4DFC1 /* Frameworks */ = {
			isa = PBXFrameworksBuildPhase;
			buildActionMask = 2147483647;
			files = (
			);
			runOnlyForDeploymentPostprocessing = 0;
		};
		79E1BB19289A171800F4DFC1 /* Frameworks */ = {
			isa = PBXFrameworksBuildPhase;
			buildActionMask = 2147483647;
			files = (
			);
			runOnlyForDeploymentPostprocessing = 0;
		};
		79E1BB23289A171800F4DFC1 /* Frameworks */ = {
			isa = PBXFrameworksBuildPhase;
			buildActionMask = 2147483647;
			files = (
			);
			runOnlyForDeploymentPostprocessing = 0;
		};
/* End PBXFrameworksBuildPhase section */

/* Begin PBXGroup section */
		79E1BAFD289A171300F4DFC1 = {
			isa = PBXGroup;
			children = (
				79E1BB08289A171400F4DFC1 /* CodePath_Prework */,
				79E1BB1F289A171800F4DFC1 /* CodePath_PreworkTests */,
				79E1BB29289A171800F4DFC1 /* CodePath_PreworkUITests */,
				79E1BB07289A171400F4DFC1 /* Products */,
			);
			sourceTree = "<group>";
		};
		79E1BB07289A171400F4DFC1 /* Products */ = {
			isa = PBXGroup;
			children = (
				79E1BB06289A171400F4DFC1 /* CodePath_Prework.app */,
				79E1BB1C289A171800F4DFC1 /* CodePath_PreworkTests.xctest */,
				79E1BB26289A171800F4DFC1 /* CodePath_PreworkUITests.xctest */,
			);
			name = Products;
			sourceTree = "<group>";
		};
		79E1BB08289A171400F4DFC1 /* CodePath_Prework */ = {
			isa = PBXGroup;
			children = (
				79E1BB09289A171400F4DFC1 /* AppDelegate.swift */,
				79E1BB0B289A171400F4DFC1 /* SceneDelegate.swift */,
				79E1BB0D289A171400F4DFC1 /* ViewController.swift */,
				79E1BB0F289A171400F4DFC1 /* Main.storyboard */,
				79E1BB12289A171800F4DFC1 /* Assets.xcassets */,
				79E1BB14289A171800F4DFC1 /* LaunchScreen.storyboard */,
				79E1BB17289A171800F4DFC1 /* Info.plist */,
			);
			path = CodePath_Prework;
			sourceTree = "<group>";
		};
		79E1BB1F289A171800F4DFC1 /* CodePath_PreworkTests */ = {
			isa = PBXGroup;
			children = (
				79E1BB20289A171800F4DFC1 /* CodePath_PreworkTests.swift */,
			);
			path = CodePath_PreworkTests;
			sourceTree = "<group>";
		};
		79E1BB29289A171800F4DFC1 /* CodePath_PreworkUITests */ = {
			isa = PBXGroup;
			children = (
				79E1BB2A289A171800F4DFC1 /* CodePath_PreworkUITests.swift */,
				79E1BB2C289A171800F4DFC1 /* CodePath_PreworkUITestsLaunchTests.swift */,
			);
			path = CodePath_PreworkUITests;
			sourceTree = "<group>";
		};
/* End PBXGroup section */

/* Begin PBXNativeTarget section */
		79E1BB05289A171400F4DFC1 /* CodePath_Prework */ = {
			isa = PBXNativeTarget;
			buildConfigurationList = 79E1BB30289A171800F4DFC1 /* Build configuration list for PBXNativeTarget "CodePath_Prework" */;
			buildPhases = (
				79E1BB02289A171400F4DFC1 /* Sources */,
				79E1BB03289A171400F4DFC1 /* Frameworks */,
				79E1BB04289A171400F4DFC1 /* Resources */,
			);
			buildRules = (
			);
			dependencies = (
			);
			name = CodePath_Prework;
			productName = CodePath_Prework;
			productReference = 79E1BB06289A171400F4DFC1 /* CodePath_Prework.app */;
			productType = "com.apple.product-type.application";
		};
		79E1BB1B289A171800F4DFC1 /* CodePath_PreworkTests */ = {
			isa = PBXNativeTarget;
			buildConfigurationList = 79E1BB33289A171800F4DFC1 /* Build configuration list for PBXNativeTarget "CodePath_PreworkTests" */;
			buildPhases = (
				79E1BB18289A171800F4DFC1 /* Sources */,
				79E1BB19289A171800F4DFC1 /* Frameworks */,
				79E1BB1A289A171800F4DFC1 /* Resources */,
			);
			buildRules = (
			);
			dependencies = (
				79E1BB1E289A171800F4DFC1 /* PBXTargetDependency */,
			);
			name = CodePath_PreworkTests;
			productName = CodePath_PreworkTests;
			productReference = 79E1BB1C289A171800F4DFC1 /* CodePath_PreworkTests.xctest */;
			productType = "com.apple.product-type.bundle.unit-test";
		};
		79E1BB25289A171800F4DFC1 /* CodePath_PreworkUITests */ = {
			isa = PBXNativeTarget;
			buildConfigurationList = 79E1BB36289A171800F4DFC1 /* Build configuration list for PBXNativeTarget "CodePath_PreworkUITests" */;
			buildPhases = (
				79E1BB22289A171800F4DFC1 /* Sources */,
				79E1BB23289A171800F4DFC1 /* Frameworks */,
				79E1BB24289A171800F4DFC1 /* Resources */,
			);
			buildRules = (
			);
			dependencies = (
				79E1BB28289A171800F4DFC1 /* PBXTargetDependency */,
			);
			name = CodePath_PreworkUITests;
			productName = CodePath_PreworkUITests;
			productReference = 79E1BB26289A171800F4DFC1 /* CodePath_PreworkUITests.xctest */;
			productType = "com.apple.product-type.bundle.ui-testing";
		};
/* End PBXNativeTarget section */

/* Begin PBXProject section */
		79E1BAFE289A171300F4DFC1 /* Project object */ = {
			isa = PBXProject;
			attributes = {
				BuildIndependentTargetsInParallel = 1;
				LastSwiftUpdateCheck = 1340;
				LastUpgradeCheck = 1340;
				TargetAttributes = {
					79E1BB05289A171400F4DFC1 = {
						CreatedOnToolsVersion = 13.4.1;
					};
					79E1BB1B289A171800F4DFC1 = {
						CreatedOnToolsVersion = 13.4.1;
						TestTargetID = 79E1BB05289A171400F4DFC1;
					};
					79E1BB25289A171800F4DFC1 = {
						CreatedOnToolsVersion = 13.4.1;
						TestTargetID = 79E1BB05289A171400F4DFC1;
					};
				};
			};
			buildConfigurationList = 79E1BB01289A171300F4DFC1 /* Build configuration list for PBXProject "CodePath_Prework" */;
			compatibilityVersion = "Xcode 13.0";
			developmentRegion = en;
			hasScannedForEncodings = 0;
			knownRegions = (
				en,
				Base,
			);
			mainGroup = 79E1BAFD289A171300F4DFC1;
			productRefGroup = 79E1BB07289A171400F4DFC1 /* Products */;
			projectDirPath = "";
			projectRoot = "";
			targets = (
				79E1BB05289A171400F4DFC1 /* CodePath_Prework */,
				79E1BB1B289A171800F4DFC1 /* CodePath_PreworkTests */,
				79E1BB25289A171800F4DFC1 /* CodePath_PreworkUITests */,
			);
		};
/* End PBXProject section */

/* Begin PBXResourcesBuildPhase section */
		79E1BB04289A171400F4DFC1 /* Resources */ = {
			isa = PBXResourcesBuildPhase;
			buildActionMask = 2147483647;
			files = (
				79E1BB16289A171800F4DFC1 /* LaunchScreen.storyboard in Resources */,
				79E1BB13289A171800F4DFC1 /* Assets.xcassets in Resources */,
				79E1BB11289A171400F4DFC1 /* Main.storyboard in Resources */,
			);
			runOnlyForDeploymentPostprocessing = 0;
		};
		79E1BB1A289A171800F4DFC1 /* Resources */ = {
			isa = PBXResourcesBuildPhase;
			buildActionMask = 2147483647;
			files = (
			);
			runOnlyForDeploymentPostprocessing = 0;
		};
		79E1BB24289A171800F4DFC1 /* Resources */ = {
			isa = PBXResourcesBuildPhase;
			buildActionMask = 2147483647;
			files = (
			);
			runOnlyForDeploymentPostprocessing = 0;
		};
/* End PBXResourcesBuildPhase section */

/* Begin PBXSourcesBuildPhase section */
		79E1BB02289A171400F4DFC1 /* Sources */ = {
			isa = PBXSourcesBuildPhase;
			buildActionMask = 2147483647;
			files = (
				79E1BB0E289A171400F4DFC1 /* ViewController.swift in Sources */,
				79E1BB0A289A171400F4DFC1 /* AppDelegate.swift in Sources */,
				79E1BB0C289A171400F4DFC1 /* SceneDelegate.swift in Sources */,
			);
			runOnlyForDeploymentPostprocessing = 0;
		};
		79E1BB18289A171800F4DFC1 /* Sources */ = {
			isa = PBXSourcesBuildPhase;
			buildActionMask = 2147483647;
			files = (
				79E1BB21289A171800F4DFC1 /* CodePath_PreworkTests.swift in Sources */,
			);
			runOnlyForDeploymentPostprocessing = 0;
		};
		79E1BB22289A171800F4DFC1 /* Sources */ = {
			isa = PBXSourcesBuildPhase;
			buildActionMask = 2147483647;
			files = (
				79E1BB2B289A171800F4DFC1 /* CodePath_PreworkUITests.swift in Sources */,
				79E1BB2D289A171800F4DFC1 /* CodePath_PreworkUITestsLaunchTests.swift in Sources */,
			);
			runOnlyForDeploymentPostprocessing = 0;
		};
/* End PBXSourcesBuildPhase section */

/* Begin PBXTargetDependency section */
		79E1BB1E289A171800F4DFC1 /* PBXTargetDependency */ = {
			isa = PBXTargetDependency;
			target = 79E1BB05289A171400F4DFC1 /* CodePath_Prework */;
			targetProxy = 79E1BB1D289A171800F4DFC1 /* PBXContainerItemProxy */;
		};
		79E1BB28289A171800F4DFC1 /* PBXTargetDependency */ = {
			isa = PBXTargetDependency;
			target = 79E1BB05289A171400F4DFC1 /* CodePath_Prework */;
			targetProxy = 79E1BB27289A171800F4DFC1 /* PBXContainerItemProxy */;
		};
/* End PBXTargetDependency section */

/* Begin PBXVariantGroup section */
		79E1BB0F289A171400F4DFC1 /* Main.storyboard */ = {
			isa = PBXVariantGroup;
			children = (
				79E1BB10289A171400F4DFC1 /* Base */,
			);
			name = Main.storyboard;
			sourceTree = "<group>";
		};
		79E1BB14289A171800F4DFC1 /* LaunchScreen.storyboard */ = {
			isa = PBXVariantGroup;
			children = (
				79E1BB15289A171800F4DFC1 /* Base */,
			);
			name = LaunchScreen.storyboard;
			sourceTree = "<group>";
		};
/* End PBXVariantGroup section */

/* Begin XCBuildConfiguration section */
		79E1BB2E289A171800F4DFC1 /* Debug */ = {
			isa = XCBuildConfiguration;
			buildSettings = {
				ALWAYS_SEARCH_USER_PATHS = NO;
				CLANG_ANALYZER_NONNULL = YES;
				CLANG_ANALYZER_NUMBER_OBJECT_CONVERSION = YES_AGGRESSIVE;
				CLANG_CXX_LANGUAGE_STANDARD = "gnu++17";
				CLANG_ENABLE_MODULES = YES;
				CLANG_ENABLE_OBJC_ARC = YES;
				CLANG_ENABLE_OBJC_WEAK = YES;
				CLANG_WARN_BLOCK_CAPTURE_AUTORELEASING = YES;
				CLANG_WARN_BOOL_CONVERSION = YES;
				CLANG_WARN_COMMA = YES;
				CLANG_WARN_CONSTANT_CONVERSION = YES;
				CLANG_WARN_DEPRECATED_OBJC_IMPLEMENTATIONS = YES;
				CLANG_WARN_DIRECT_OBJC_ISA_USAGE = YES_ERROR;
				CLANG_WARN_DOCUMENTATION_COMMENTS = YES;
				CLANG_WARN_EMPTY_BODY = YES;
				CLANG_WARN_ENUM_CONVERSION = YES;
				CLANG_WARN_INFINITE_RECURSION = YES;
				CLANG_WARN_INT_CONVERSION = YES;
				CLANG_WARN_NON_LITERAL_NULL_CONVERSION = YES;
				CLANG_WARN_OBJC_IMPLICIT_RETAIN_SELF = YES;
				CLANG_WARN_OBJC_LITERAL_CONVERSION = YES;
				CLANG_WARN_OBJC_ROOT_CLASS = YES_ERROR;
				CLANG_WARN_QUOTED_INCLUDE_IN_FRAMEWORK_HEADER = YES;
				CLANG_WARN_RANGE_LOOP_ANALYSIS = YES;
				CLANG_WARN_STRICT_PROTOTYPES = YES;
				CLANG_WARN_SUSPICIOUS_MOVE = YES;
				CLANG_WARN_UNGUARDED_AVAILABILITY = YES_AGGRESSIVE;
				CLANG_WARN_UNREACHABLE_CODE = YES;
				CLANG_WARN__DUPLICATE_METHOD_MATCH = YES;
				COPY_PHASE_STRIP = NO;
				DEBUG_INFORMATION_FORMAT = dwarf;
				ENABLE_STRICT_OBJC_MSGSEND = YES;
				ENABLE_TESTABILITY = YES;
				GCC_C_LANGUAGE_STANDARD = gnu11;
				GCC_DYNAMIC_NO_PIC = NO;
				GCC_NO_COMMON_BLOCKS = YES;
				GCC_OPTIMIZATION_LEVEL = 0;
				GCC_PREPROCESSOR_DEFINITIONS = (
					"DEBUG=1",
					"$(inherited)",
				);
				GCC_WARN_64_TO_32_BIT_CONVERSION = YES;
				GCC_WARN_ABOUT_RETURN_TYPE = YES_ERROR;
				GCC_WARN_UNDECLARED_SELECTOR = YES;
				GCC_WARN_UNINITIALIZED_AUTOS = YES_AGGRESSIVE;
				GCC_WARN_UNUSED_FUNCTION = YES;
				GCC_WARN_UNUSED_VARIABLE = YES;
				IPHONEOS_DEPLOYMENT_TARGET = 15.5;
				MTL_ENABLE_DEBUG_INFO = INCLUDE_SOURCE;
				MTL_FAST_MATH = YES;
				ONLY_ACTIVE_ARCH = YES;
				SDKROOT = iphoneos;
				SWIFT_ACTIVE_COMPILATION_CONDITIONS = DEBUG;
				SWIFT_OPTIMIZATION_LEVEL = "-Onone";
			};
			name = Debug;
		};
		79E1BB2F289A171800F4DFC1 /* Release */ = {
			isa = XCBuildConfiguration;
			buildSettings = {
				ALWAYS_SEARCH_USER_PATHS = NO;
				CLANG_ANALYZER_NONNULL = YES;
				CLANG_ANALYZER_NUMBER_OBJECT_CONVERSION = YES_AGGRESSIVE;
				CLANG_CXX_LANGUAGE_STANDARD = "gnu++17";
				CLANG_ENABLE_MODULES = YES;
				CLANG_ENABLE_OBJC_ARC = YES;
				CLANG_ENABLE_OBJC_WEAK = YES;
				CLANG_WARN_BLOCK_CAPTURE_AUTORELEASING = YES;
				CLANG_WARN_BOOL_CONVERSION = YES;
				CLANG_WARN_COMMA = YES;
				CLANG_WARN_CONSTANT_CONVERSION = YES;
				CLANG_WARN_DEPRECATED_OBJC_IMPLEMENTATIONS = YES;
				CLANG_WARN_DIRECT_OBJC_ISA_USAGE = YES_ERROR;
				CLANG_WARN_DOCUMENTATION_COMMENTS = YES;
				CLANG_WARN_EMPTY_BODY = YES;
				CLANG_WARN_ENUM_CONVERSION = YES;
				CLANG_WARN_INFINITE_RECURSION = YES;
				CLANG_WARN_INT_CONVERSION = YES;
				CLANG_WARN_NON_LITERAL_NULL_CONVERSION = YES;
				CLANG_WARN_OBJC_IMPLICIT_RETAIN_SELF = YES;
				CLANG_WARN_OBJC_LITERAL_CONVERSION = YES;
				CLANG_WARN_OBJC_ROOT_CLASS = YES_ERROR;
				CLANG_WARN_QUOTED_INCLUDE_IN_FRAMEWORK_HEADER = YES;
				CLANG_WARN_RANGE_LOOP_ANALYSIS = YES;
				CLANG_WARN_STRICT_PROTOTYPES = YES;
				CLANG_WARN_SUSPICIOUS_MOVE = YES;
				CLANG_WARN_UNGUARDED_AVAILABILITY = YES_AGGRESSIVE;
				CLANG_WARN_UNREACHABLE_CODE = YES;
				CLANG_WARN__DUPLICATE_METHOD_MATCH = YES;
				COPY_PHASE_STRIP = NO;
				DEBUG_INFORMATION_FORMAT = "dwarf-with-dsym";
				ENABLE_NS_ASSERTIONS = NO;
				ENABLE_STRICT_OBJC_MSGSEND = YES;
				GCC_C_LANGUAGE_STANDARD = gnu11;
				GCC_NO_COMMON_BLOCKS = YES;
				GCC_WARN_64_TO_32_BIT_CONVERSION = YES;
				GCC_WARN_ABOUT_RETURN_TYPE = YES_ERROR;
				GCC_WARN_UNDECLARED_SELECTOR = YES;
				GCC_WARN_UNINITIALIZED_AUTOS = YES_AGGRESSIVE;
				GCC_WARN_UNUSED_FUNCTION = YES;
				GCC_WARN_UNUSED_VARIABLE = YES;
				IPHONEOS_DEPLOYMENT_TARGET = 15.5;
				MTL_ENABLE_DEBUG_INFO = NO;
				MTL_FAST_MATH = YES;
				SDKROOT = iphoneos;
				SWIFT_COMPILATION_MODE = wholemodule;
				SWIFT_OPTIMIZATION_LEVEL = "-O";
				VALIDATE_PRODUCT = YES;
			};
			name = Release;
		};
		79E1BB31289A171800F4DFC1 /* Debug */ = {
			isa = XCBuildConfiguration;
			buildSettings = {
				ASSETCATALOG_COMPILER_APPICON_NAME = AppIcon;
				ASSETCATALOG_COMPILER_GLOBAL_ACCENT_COLOR_NAME = AccentColor;
				CODE_SIGN_STYLE = Automatic;
				CURRENT_PROJECT_VERSION = 1;
				GENERATE_INFOPLIST_FILE = YES;
				INFOPLIST_FILE = CodePath_Prework/Info.plist;
				INFOPLIST_KEY_UIApplicationSupportsIndirectInputEvents = YES;
				INFOPLIST_KEY_UILaunchStoryboardName = LaunchScreen;
				INFOPLIST_KEY_UIMainStoryboardFile = Main;
				INFOPLIST_KEY_UISupportedInterfaceOrientations_iPad = "UIInterfaceOrientationPortrait UIInterfaceOrientationPortraitUpsideDown UIInterfaceOrientationLandscapeLeft UIInterfaceOrientationLandscapeRight";
				INFOPLIST_KEY_UISupportedInterfaceOrientations_iPhone = "UIInterfaceOrientationPortrait UIInterfaceOrientationLandscapeLeft UIInterfaceOrientationLandscapeRight";
				LD_RUNPATH_SEARCH_PATHS = (
					"$(inherited)",
					"@executable_path/Frameworks",
				);
				MARKETING_VERSION = 1.0;
				PRODUCT_BUNDLE_IDENTIFIER = "Xiaocheng.CodePath-Prework";
				PRODUCT_NAME = "$(TARGET_NAME)";
				SWIFT_EMIT_LOC_STRINGS = YES;
				SWIFT_VERSION = 5.0;
				TARGETED_DEVICE_FAMILY = "1,2";
			};
			name = Debug;
		};
		79E1BB32289A171800F4DFC1 /* Release */ = {
			isa = XCBuildConfiguration;
			buildSettings = {
				ASSETCATALOG_COMPILER_APPICON_NAME = AppIcon;
				ASSETCATALOG_COMPILER_GLOBAL_ACCENT_COLOR_NAME = AccentColor;
				CODE_SIGN_STYLE = Automatic;
				CURRENT_PROJECT_VERSION = 1;
				GENERATE_INFOPLIST_FILE = YES;
				INFOPLIST_FILE = CodePath_Prework/Info.plist;
				INFOPLIST_KEY_UIApplicationSupportsIndirectInputEvents = YES;
				INFOPLIST_KEY_UILaunchStoryboardName = LaunchScreen;
				INFOPLIST_KEY_UIMainStoryboardFile = Main;
				INFOPLIST_KEY_UISupportedInterfaceOrientations_iPad = "UIInterfaceOrientationPortrait UIInterfaceOrientationPortraitUpsideDown UIInterfaceOrientationLandscapeLeft UIInterfaceOrientationLandscapeRight";
				INFOPLIST_KEY_UISupportedInterfaceOrientations_iPhone = "UIInterfaceOrientationPortrait UIInterfaceOrientationLandscapeLeft UIInterfaceOrientationLandscapeRight";
				LD_RUNPATH_SEARCH_PATHS = (
					"$(inherited)",
					"@executable_path/Frameworks",
				);
				MARKETING_VERSION = 1.0;
				PRODUCT_BUNDLE_IDENTIFIER = "Xiaocheng.CodePath-Prework";
				PRODUCT_NAME = "$(TARGET_NAME)";
				SWIFT_EMIT_LOC_STRINGS = YES;
				SWIFT_VERSION = 5.0;
				TARGETED_DEVICE_FAMILY = "1,2";
			};
			name = Release;
		};
		79E1BB34289A171800F4DFC1 /* Debug */ = {
			isa = XCBuildConfiguration;
			buildSettings = {
				ALWAYS_EMBED_SWIFT_STANDARD_LIBRARIES = YES;
				BUNDLE_LOADER = "$(TEST_HOST)";
				CODE_SIGN_STYLE = Automatic;
				CURRENT_PROJECT_VERSION = 1;
				GENERATE_INFOPLIST_FILE = YES;
				IPHONEOS_DEPLOYMENT_TARGET = 15.5;
				MARKETING_VERSION = 1.0;
				PRODUCT_BUNDLE_IDENTIFIER = "Xiaocheng.CodePath-PreworkTests";
				PRODUCT_NAME = "$(TARGET_NAME)";
				SWIFT_EMIT_LOC_STRINGS = NO;
				SWIFT_VERSION = 5.0;
				TARGETED_DEVICE_FAMILY = "1,2";
				TEST_HOST = "$(BUILT_PRODUCTS_DIR)/CodePath_Prework.app/CodePath_Prework";
			};
			name = Debug;
		};
		79E1BB35289A171800F4DFC1 /* Release */ = {
			isa = XCBuildConfiguration;
			buildSettings = {
				ALWAYS_EMBED_SWIFT_STANDARD_LIBRARIES = YES;
				BUNDLE_LOADER = "$(TEST_HOST)";
				CODE_SIGN_STYLE = Automatic;
				CURRENT_PROJECT_VERSION = 1;
				GENERATE_INFOPLIST_FILE = YES;
				IPHONEOS_DEPLOYMENT_TARGET = 15.5;
				MARKETING_VERSION = 1.0;
				PRODUCT_BUNDLE_IDENTIFIER = "Xiaocheng.CodePath-PreworkTests";
				PRODUCT_NAME = "$(TARGET_NAME)";
				SWIFT_EMIT_LOC_STRINGS = NO;
				SWIFT_VERSION = 5.0;
				TARGETED_DEVICE_FAMILY = "1,2";
				TEST_HOST = "$(BUILT_PRODUCTS_DIR)/CodePath_Prework.app/CodePath_Prework";
			};
			name = Release;
		};
		79E1BB37289A171800F4DFC1 /* Debug */ = {
			isa = XCBuildConfiguration;
			buildSettings = {
				ALWAYS_EMBED_SWIFT_STANDARD_LIBRARIES = YES;
				CODE_SIGN_STYLE = Automatic;
				CURRENT_PROJECT_VERSION = 1;
				GENERATE_INFOPLIST_FILE = YES;
				MARKETING_VERSION = 1.0;
				PRODUCT_BUNDLE_IDENTIFIER = "Xiaocheng.CodePath-PreworkUITests";
				PRODUCT_NAME = "$(TARGET_NAME)";
				SWIFT_EMIT_LOC_STRINGS = NO;
				SWIFT_VERSION = 5.0;
				TARGETED_DEVICE_FAMILY = "1,2";
				TEST_TARGET_NAME = CodePath_Prework;
			};
			name = Debug;
		};
		79E1BB38289A171800F4DFC1 /* Release */ = {
			isa = XCBuildConfiguration;
			buildSettings = {
				ALWAYS_EMBED_SWIFT_STANDARD_LIBRARIES = YES;
				CODE_SIGN_STYLE = Automatic;
				CURRENT_PROJECT_VERSION = 1;
				GENERATE_INFOPLIST_FILE = YES;
				MARKETING_VERSION = 1.0;
				PRODUCT_BUNDLE_IDENTIFIER = "Xiaocheng.CodePath-PreworkUITests";
				PRODUCT_NAME = "$(TARGET_NAME)";
				SWIFT_EMIT_LOC_STRINGS = NO;
				SWIFT_VERSION = 5.0;
				TARGETED_DEVICE_FAMILY = "1,2";
				TEST_TARGET_NAME = CodePath_Prework;
			};
			name = Release;
		};
/* End XCBuildConfiguration section */

/* Begin XCConfigurationList section */
		79E1BB01289A171300F4DFC1 /* Build configuration list for PBXProject "CodePath_Prework" */ = {
			isa = XCConfigurationList;
			buildConfigurations = (
				79E1BB2E289A171800F4DFC1 /* Debug */,
				79E1BB2F289A171800F4DFC1 /* Release */,
			);
			defaultConfigurationIsVisible = 0;
			defaultConfigurationName = Release;
		};
		79E1BB30289A171800F4DFC1 /* Build configuration list for PBXNativeTarget "CodePath_Prework" */ = {
			isa = XCConfigurationList;
			buildConfigurations = (
				79E1BB31289A171800F4DFC1 /* Debug */,
				79E1BB32289A171800F4DFC1 /* Release */,
			);
			defaultConfigurationIsVisible = 0;
			defaultConfigurationName = Release;
		};
		79E1BB33289A171800F4DFC1 /* Build configuration list for PBXNativeTarget "CodePath_PreworkTests" */ = {
			isa = XCConfigurationList;
			buildConfigurations = (
				79E1BB34289A171800F4DFC1 /* Debug */,
				79E1BB35289A171800F4DFC1 /* Release */,
			);
			defaultConfigurationIsVisible = 0;
			defaultConfigurationName = Release;
		};
		79E1BB36289A171800F4DFC1 /* Build configuration list for PBXNativeTarget "CodePath_PreworkUITests" */ = {
			isa = XCConfigurationList;
			buildConfigurations = (
				79E1BB37289A171800F4DFC1 /* Debug */,
				79E1BB38289A171800F4DFC1 /* Release */,
			);
			defaultConfigurationIsVisible = 0;
			defaultConfigurationName = Release;
		};
/* End XCConfigurationList section */
	};
	rootObject = 79E1BAFE289A171300F4DFC1 /* Project object */;
}
